
Microsoft Visual Studio Solution File, Format Version 12.00
# Visual Studio 2013
VisualStudioVersion = 12.0.31101.0
MinimumVisualStudioVersion = 10.0.40219.1
Project("{FAE04EC0-301F-11D3-BF4B-00C04F79EFBC}") = "XOPeenRij", "XOPeenRij\XOPeenRij.csproj", "{1DF219C6-5783-417F-B7F4-DE24B225D728}"
EndProject
Project("{FAE04EC0-301F-11D3-BF4B-00C04F79EFBC}") = "XOPeenRijUnitTest", "XOPeenRijUnitTest\XOPeenRijUnitTest.csproj", "{2E5E699D-67C1-48EB-A7D6-919BA7D9D748}"
EndProject
Global
	GlobalSection(SolutionConfigurationPlatforms) = preSolution
		Debug|Any CPU = Debug|Any CPU
		Release|Any CPU = Release|Any CPU
	EndGlobalSection
	GlobalSection(ProjectConfigurationPlatforms) = postSolution
		{1DF219C6-5783-417F-B7F4-DE24B225D728}.Debug|Any CPU.ActiveCfg = Debug|Any CPU
		{1DF219C6-5783-417F-B7F4-DE24B225D728}.Debug|Any CPU.Build.0 = Debug|Any CPU
		{1DF219C6-5783-417F-B7F4-DE24B225D728}.Release|Any CPU.ActiveCfg = Release|Any CPU
		{1DF219C6-5783-417F-B7F4-DE24B225D728}.Release|Any CPU.Build.0 = Release|Any CPU
		{2E5E699D-67C1-48EB-A7D6-919BA7D9D748}.Debug|Any CPU.ActiveCfg = Debug|Any CPU
		{2E5E699D-67C1-48EB-A7D6-919BA7D9D748}.Debug|Any CPU.Build.0 = Debug|Any CPU
		{2E5E699D-67C1-48EB-A7D6-919BA7D9D748}.Release|Any CPU.ActiveCfg = Release|Any CPU
		{2E5E699D-67C1-48EB-A7D6-919BA7D9D748}.Release|Any CPU.Build.0 = Release|Any CPU
	EndGlobalSection
	GlobalSection(SolutionProperties) = preSolution
		HideSolutionNode = FALSE
	EndGlobalSection
EndGlobal
