
Microsoft Visual Studio Solution File, Format Version 12.00
# Visual Studio 2013
VisualStudioVersion = 12.0.31101.0
MinimumVisualStudioVersion = 10.0.40219.1
Project("{FAE04EC0-301F-11D3-BF4B-00C04F79EFBC}") = "XOPeenRij", "XOPeenRij\XOPeenRij.csproj", "{CF465686-9D8A-4E31-A8CC-8498E1451DDD}"
EndProject
Project("{FAE04EC0-301F-11D3-BF4B-00C04F79EFBC}") = "XOPeenRijUnitTest", "XOPeenRijUnitTest\XOPeenRijUnitTest.csproj", "{6A45783A-39A6-430F-9CAA-EEBAF2EB63DC}"
EndProject
Global
	GlobalSection(SolutionConfigurationPlatforms) = preSolution
		Debug|Any CPU = Debug|Any CPU
		Release|Any CPU = Release|Any CPU
	EndGlobalSection
	GlobalSection(ProjectConfigurationPlatforms) = postSolution
		{CF465686-9D8A-4E31-A8CC-8498E1451DDD}.Debug|Any CPU.ActiveCfg = Debug|Any CPU
		{CF465686-9D8A-4E31-A8CC-8498E1451DDD}.Debug|Any CPU.Build.0 = Debug|Any CPU
		{CF465686-9D8A-4E31-A8CC-8498E1451DDD}.Release|Any CPU.ActiveCfg = Release|Any CPU
		{CF465686-9D8A-4E31-A8CC-8498E1451DDD}.Release|Any CPU.Build.0 = Release|Any CPU
		{6A45783A-39A6-430F-9CAA-EEBAF2EB63DC}.Debug|Any CPU.ActiveCfg = Debug|Any CPU
		{6A45783A-39A6-430F-9CAA-EEBAF2EB63DC}.Debug|Any CPU.Build.0 = Debug|Any CPU
		{6A45783A-39A6-430F-9CAA-EEBAF2EB63DC}.Release|Any CPU.ActiveCfg = Release|Any CPU
		{6A45783A-39A6-430F-9CAA-EEBAF2EB63DC}.Release|Any CPU.Build.0 = Release|Any CPU
	EndGlobalSection
	GlobalSection(SolutionProperties) = preSolution
		HideSolutionNode = FALSE
	EndGlobalSection
EndGlobal
